
Microsoft Visual Studio Solution File, Format Version 12.00
# Visual Studio Version 17
VisualStudioVersion = 17.6.33801.468
MinimumVisualStudioVersion = 10.0.40219.1
Project("{FAE04EC0-301F-11D3-BF4B-00C04F79EFBC}") = "Ahl_Vidzy", "Ahl_Vidzy\Ahl_Vidzy.csproj", "{F371BB53-BC43-4F2E-A441-B060D1128279}"
EndProject
Global
	GlobalSection(SolutionConfigurationPlatforms) = preSolution
		Debug|Any CPU = Debug|Any CPU
		Release|Any CPU = Release|Any CPU
	EndGlobalSection
	GlobalSection(ProjectConfigurationPlatforms) = postSolution
		{F371BB53-BC43-4F2E-A441-B060D1128279}.Debug|Any CPU.ActiveCfg = Debug|Any CPU
		{F371BB53-BC43-4F2E-A441-B060D1128279}.Debug|Any CPU.Build.0 = Debug|Any CPU
		{F371BB53-BC43-4F2E-A441-B060D1128279}.Release|Any CPU.ActiveCfg = Release|Any CPU
		{F371BB53-BC43-4F2E-A441-B060D1128279}.Release|Any CPU.Build.0 = Release|Any CPU
	EndGlobalSection
	GlobalSection(SolutionProperties) = preSolution
		HideSolutionNode = FALSE
	EndGlobalSection
	GlobalSection(ExtensibilityGlobals) = postSolution
		SolutionGuid = {67595654-B7A0-4D57-B931-B10E63DE3B6B}
	EndGlobalSection
EndGlobal
